// !$*UTF8*$!
{
	archiveVersion = 1;
	classes = {
	};
	objectVersion = 55;
	objects = {

/* Begin PBXBuildFile section */
		130F3BAD290F08BD00BB80F6 /* PhotoCommentCell.xib in Resources */ = {isa = PBXBuildFile; fileRef = 130F3BAC290F08BD00BB80F6 /* PhotoCommentCell.xib */; };
		130F3BAF290F159300BB80F6 /* PhotoCommentCell.swift in Sources */ = {isa = PBXBuildFile; fileRef = 130F3BAE290F159300BB80F6 /* PhotoCommentCell.swift */; };
		130F3BB2290F18C900BB80F6 /* ActionsViewController.swift in Sources */ = {isa = PBXBuildFile; fileRef = 130F3BB1290F18C900BB80F6 /* ActionsViewController.swift */; };
		133FB069290F963300BD28D7 /* Action.swift in Sources */ = {isa = PBXBuildFile; fileRef = 133FB068290F963300BD28D7 /* Action.swift */; };
		133FB06B290F976000BD28D7 /* FollowActionCell.xib in Resources */ = {isa = PBXBuildFile; fileRef = 133FB06A290F976000BD28D7 /* FollowActionCell.xib */; };
		133FB06D290F978600BD28D7 /* FollowActionCell.swift in Sources */ = {isa = PBXBuildFile; fileRef = 133FB06C290F978600BD28D7 /* FollowActionCell.swift */; };
		13467D8628FF882400C30B07 /* AppDelegate.swift in Sources */ = {isa = PBXBuildFile; fileRef = 13467D8528FF882400C30B07 /* AppDelegate.swift */; };
		13467D8828FF882400C30B07 /* SceneDelegate.swift in Sources */ = {isa = PBXBuildFile; fileRef = 13467D8728FF882400C30B07 /* SceneDelegate.swift */; };
		13467D8A28FF882400C30B07 /* ViewController.swift in Sources */ = {isa = PBXBuildFile; fileRef = 13467D8928FF882400C30B07 /* ViewController.swift */; };
		13467D8D28FF882400C30B07 /* Main.storyboard in Resources */ = {isa = PBXBuildFile; fileRef = 13467D8B28FF882400C30B07 /* Main.storyboard */; };
		13467D8F28FF882800C30B07 /* Assets.xcassets in Resources */ = {isa = PBXBuildFile; fileRef = 13467D8E28FF882800C30B07 /* Assets.xcassets */; };
		13467D9228FF882800C30B07 /* LaunchScreen.storyboard in Resources */ = {isa = PBXBuildFile; fileRef = 13467D9028FF882800C30B07 /* LaunchScreen.storyboard */; };
		135DCC932903F122007D281F /* PostTableViewCell.swift in Sources */ = {isa = PBXBuildFile; fileRef = 135DCC912903F122007D281F /* PostTableViewCell.swift */; };
		135DCC942903F122007D281F /* PostTableViewCell.xib in Resources */ = {isa = PBXBuildFile; fileRef = 135DCC922903F122007D281F /* PostTableViewCell.xib */; };
		135DCC972903F558007D281F /* LentaTableViewCell.swift in Sources */ = {isa = PBXBuildFile; fileRef = 135DCC952903F558007D281F /* LentaTableViewCell.swift */; };
		135DCC982903F559007D281F /* LentaTableViewCell.xib in Resources */ = {isa = PBXBuildFile; fileRef = 135DCC962903F558007D281F /* LentaTableViewCell.xib */; };
		135DCC9A2904190F007D281F /* Lenta.swift in Sources */ = {isa = PBXBuildFile; fileRef = 135DCC992904190F007D281F /* Lenta.swift */; };
		13816431290611DF007F748D /* UIView+BezierPathBorder.swift in Sources */ = {isa = PBXBuildFile; fileRef = 13816430290611DF007F748D /* UIView+BezierPathBorder.swift */; };
		1381643329061AAE007F748D /* BorderedImageView.swift in Sources */ = {isa = PBXBuildFile; fileRef = 1381643229061AAE007F748D /* BorderedImageView.swift */; };
		1381643629066005007F748D /* RecommendsTableViewCell.swift in Sources */ = {isa = PBXBuildFile; fileRef = 1381643429066005007F748D /* RecommendsTableViewCell.swift */; };
		1381643729066005007F748D /* RecommendsTableViewCell.xib in Resources */ = {isa = PBXBuildFile; fileRef = 1381643529066005007F748D /* RecommendsTableViewCell.xib */; };
		138164392906617C007F748D /* RecommendView.swift in Sources */ = {isa = PBXBuildFile; fileRef = 138164382906617C007F748D /* RecommendView.swift */; };
		13CE156829034CB300CA94A5 /* Post.swift in Sources */ = {isa = PBXBuildFile; fileRef = 13CE156729034CB300CA94A5 /* Post.swift */; };
		13DB351A290361DC000D802E /* LentaItem.swift in Sources */ = {isa = PBXBuildFile; fileRef = 13DB3519290361DC000D802E /* LentaItem.swift */; };
/* End PBXBuildFile section */

/* Begin PBXFileReference section */
		130F3BAC290F08BD00BB80F6 /* PhotoCommentCell.xib */ = {isa = PBXFileReference; lastKnownFileType = file.xib; path = PhotoCommentCell.xib; sourceTree = "<group>"; };
		130F3BAE290F159300BB80F6 /* PhotoCommentCell.swift */ = {isa = PBXFileReference; lastKnownFileType = sourcecode.swift; path = PhotoCommentCell.swift; sourceTree = "<group>"; };
		130F3BB1290F18C900BB80F6 /* ActionsViewController.swift */ = {isa = PBXFileReference; lastKnownFileType = sourcecode.swift; path = ActionsViewController.swift; sourceTree = "<group>"; };
		133FB068290F963300BD28D7 /* Action.swift */ = {isa = PBXFileReference; lastKnownFileType = sourcecode.swift; path = Action.swift; sourceTree = "<group>"; };
		133FB06A290F976000BD28D7 /* FollowActionCell.xib */ = {isa = PBXFileReference; lastKnownFileType = file.xib; path = FollowActionCell.xib; sourceTree = "<group>"; };
		133FB06C290F978600BD28D7 /* FollowActionCell.swift */ = {isa = PBXFileReference; lastKnownFileType = sourcecode.swift; path = FollowActionCell.swift; sourceTree = "<group>"; };
		13467D8228FF882400C30B07 /* InstaClone.app */ = {isa = PBXFileReference; explicitFileType = wrapper.application; includeInIndex = 0; path = InstaClone.app; sourceTree = BUILT_PRODUCTS_DIR; };
		13467D8528FF882400C30B07 /* AppDelegate.swift */ = {isa = PBXFileReference; lastKnownFileType = sourcecode.swift; path = AppDelegate.swift; sourceTree = "<group>"; };
		13467D8728FF882400C30B07 /* SceneDelegate.swift */ = {isa = PBXFileReference; lastKnownFileType = sourcecode.swift; path = SceneDelegate.swift; sourceTree = "<group>"; };
		13467D8928FF882400C30B07 /* ViewController.swift */ = {isa = PBXFileReference; lastKnownFileType = sourcecode.swift; path = ViewController.swift; sourceTree = "<group>"; };
		13467D8C28FF882400C30B07 /* Base */ = {isa = PBXFileReference; lastKnownFileType = file.storyboard; name = Base; path = Base.lproj/Main.storyboard; sourceTree = "<group>"; };
		13467D8E28FF882800C30B07 /* Assets.xcassets */ = {isa = PBXFileReference; lastKnownFileType = folder.assetcatalog; path = Assets.xcassets; sourceTree = "<group>"; };
		13467D9128FF882800C30B07 /* Base */ = {isa = PBXFileReference; lastKnownFileType = file.storyboard; name = Base; path = Base.lproj/LaunchScreen.storyboard; sourceTree = "<group>"; };
		13467D9328FF882800C30B07 /* Info.plist */ = {isa = PBXFileReference; lastKnownFileType = text.plist.xml; path = Info.plist; sourceTree = "<group>"; };
		135DCC912903F122007D281F /* PostTableViewCell.swift */ = {isa = PBXFileReference; lastKnownFileType = sourcecode.swift; path = PostTableViewCell.swift; sourceTree = "<group>"; };
		135DCC922903F122007D281F /* PostTableViewCell.xib */ = {isa = PBXFileReference; lastKnownFileType = file.xib; path = PostTableViewCell.xib; sourceTree = "<group>"; };
		135DCC952903F558007D281F /* LentaTableViewCell.swift */ = {isa = PBXFileReference; lastKnownFileType = sourcecode.swift; path = LentaTableViewCell.swift; sourceTree = "<group>"; };
		135DCC962903F558007D281F /* LentaTableViewCell.xib */ = {isa = PBXFileReference; lastKnownFileType = file.xib; path = LentaTableViewCell.xib; sourceTree = "<group>"; };
		135DCC992904190F007D281F /* Lenta.swift */ = {isa = PBXFileReference; lastKnownFileType = sourcecode.swift; path = Lenta.swift; sourceTree = "<group>"; };
		13816430290611DF007F748D /* UIView+BezierPathBorder.swift */ = {isa = PBXFileReference; lastKnownFileType = sourcecode.swift; path = "UIView+BezierPathBorder.swift"; sourceTree = "<group>"; };
		1381643229061AAE007F748D /* BorderedImageView.swift */ = {isa = PBXFileReference; lastKnownFileType = sourcecode.swift; path = BorderedImageView.swift; sourceTree = "<group>"; };
		1381643429066005007F748D /* RecommendsTableViewCell.swift */ = {isa = PBXFileReference; lastKnownFileType = sourcecode.swift; path = RecommendsTableViewCell.swift; sourceTree = "<group>"; };
		1381643529066005007F748D /* RecommendsTableViewCell.xib */ = {isa = PBXFileReference; lastKnownFileType = file.xib; path = RecommendsTableViewCell.xib; sourceTree = "<group>"; };
		138164382906617C007F748D /* RecommendView.swift */ = {isa = PBXFileReference; lastKnownFileType = sourcecode.swift; path = RecommendView.swift; sourceTree = "<group>"; };
		13CE156729034CB300CA94A5 /* Post.swift */ = {isa = PBXFileReference; lastKnownFileType = sourcecode.swift; path = Post.swift; sourceTree = "<group>"; };
		13DB3519290361DC000D802E /* LentaItem.swift */ = {isa = PBXFileReference; lastKnownFileType = sourcecode.swift; path = LentaItem.swift; sourceTree = "<group>"; };
/* End PBXFileReference section */

/* Begin PBXFrameworksBuildPhase section */
		13467D7F28FF882400C30B07 /* Frameworks */ = {
			isa = PBXFrameworksBuildPhase;
			buildActionMask = 2147483647;
			files = (
			);
			runOnlyForDeploymentPostprocessing = 0;
		};
/* End PBXFrameworksBuildPhase section */

/* Begin PBXGroup section */
		130F3BB0290F18A800BB80F6 /* ViewControllers */ = {
			isa = PBXGroup;
			children = (
				13467D8928FF882400C30B07 /* ViewController.swift */,
				130F3BB1290F18C900BB80F6 /* ActionsViewController.swift */,
			);
			path = ViewControllers;
			sourceTree = "<group>";
		};
		13467D7928FF882400C30B07 = {
			isa = PBXGroup;
			children = (
				13467D8428FF882400C30B07 /* InstaClone */,
				13467D8328FF882400C30B07 /* Products */,
			);
			sourceTree = "<group>";
		};
		13467D8328FF882400C30B07 /* Products */ = {
			isa = PBXGroup;
			children = (
				13467D8228FF882400C30B07 /* InstaClone.app */,
			);
			name = Products;
			sourceTree = "<group>";
		};
		13467D8428FF882400C30B07 /* InstaClone */ = {
			isa = PBXGroup;
			children = (
				130F3BB0290F18A800BB80F6 /* ViewControllers */,
				13CE156629034CA000CA94A5 /* Models */,
				13CE155F2903471100CA94A5 /* Views */,
				13467D8528FF882400C30B07 /* AppDelegate.swift */,
				13467D8728FF882400C30B07 /* SceneDelegate.swift */,
				13467D8B28FF882400C30B07 /* Main.storyboard */,
				13467D8E28FF882800C30B07 /* Assets.xcassets */,
				13467D9028FF882800C30B07 /* LaunchScreen.storyboard */,
				13467D9328FF882800C30B07 /* Info.plist */,
				13816430290611DF007F748D /* UIView+BezierPathBorder.swift */,
			);
			path = InstaClone;
			sourceTree = "<group>";
		};
		135DCC9B29041A28007D281F /* Xibs */ = {
			isa = PBXGroup;
			children = (
				1381643529066005007F748D /* RecommendsTableViewCell.xib */,
				135DCC922903F122007D281F /* PostTableViewCell.xib */,
				135DCC962903F558007D281F /* LentaTableViewCell.xib */,
				130F3BAC290F08BD00BB80F6 /* PhotoCommentCell.xib */,
				133FB06A290F976000BD28D7 /* FollowActionCell.xib */,
			);
			path = Xibs;
			sourceTree = "<group>";
		};
		13CE155F2903471100CA94A5 /* Views */ = {
			isa = PBXGroup;
			children = (
				135DCC9B29041A28007D281F /* Xibs */,
				13DB3519290361DC000D802E /* LentaItem.swift */,
				135DCC912903F122007D281F /* PostTableViewCell.swift */,
				135DCC952903F558007D281F /* LentaTableViewCell.swift */,
				1381643229061AAE007F748D /* BorderedImageView.swift */,
				1381643429066005007F748D /* RecommendsTableViewCell.swift */,
				138164382906617C007F748D /* RecommendView.swift */,
				130F3BAE290F159300BB80F6 /* PhotoCommentCell.swift */,
				133FB06C290F978600BD28D7 /* FollowActionCell.swift */,
			);
			path = Views;
			sourceTree = "<group>";
		};
		13CE156629034CA000CA94A5 /* Models */ = {
			isa = PBXGroup;
			children = (
				13CE156729034CB300CA94A5 /* Post.swift */,
				135DCC992904190F007D281F /* Lenta.swift */,
				133FB068290F963300BD28D7 /* Action.swift */,
			);
			path = Models;
			sourceTree = "<group>";
		};
/* End PBXGroup section */

/* Begin PBXNativeTarget section */
		13467D8128FF882400C30B07 /* InstaClone */ = {
			isa = PBXNativeTarget;
			buildConfigurationList = 13467D9628FF882800C30B07 /* Build configuration list for PBXNativeTarget "InstaClone" */;
			buildPhases = (
				13467D9928FF88C300C30B07 /* SwiftlintScript */,
				13467D7E28FF882400C30B07 /* Sources */,
				13467D7F28FF882400C30B07 /* Frameworks */,
				13467D8028FF882400C30B07 /* Resources */,
			);
			buildRules = (
			);
			dependencies = (
			);
			name = InstaClone;
			productName = InstaClone;
			productReference = 13467D8228FF882400C30B07 /* InstaClone.app */;
			productType = "com.apple.product-type.application";
		};
/* End PBXNativeTarget section */

/* Begin PBXProject section */
		13467D7A28FF882400C30B07 /* Project object */ = {
			isa = PBXProject;
			attributes = {
				BuildIndependentTargetsInParallel = 1;
				LastSwiftUpdateCheck = 1310;
				LastUpgradeCheck = 1310;
				TargetAttributes = {
					13467D8128FF882400C30B07 = {
						CreatedOnToolsVersion = 13.1;
					};
				};
			};
			buildConfigurationList = 13467D7D28FF882400C30B07 /* Build configuration list for PBXProject "InstaClone" */;
			compatibilityVersion = "Xcode 13.0";
			developmentRegion = en;
			hasScannedForEncodings = 0;
			knownRegions = (
				en,
				Base,
			);
			mainGroup = 13467D7928FF882400C30B07;
			productRefGroup = 13467D8328FF882400C30B07 /* Products */;
			projectDirPath = "";
			projectRoot = "";
			targets = (
				13467D8128FF882400C30B07 /* InstaClone */,
			);
		};
/* End PBXProject section */

/* Begin PBXResourcesBuildPhase section */
		13467D8028FF882400C30B07 /* Resources */ = {
			isa = PBXResourcesBuildPhase;
			buildActionMask = 2147483647;
			files = (
				13467D9228FF882800C30B07 /* LaunchScreen.storyboard in Resources */,
				13467D8F28FF882800C30B07 /* Assets.xcassets in Resources */,
				1381643729066005007F748D /* RecommendsTableViewCell.xib in Resources */,
				13467D8D28FF882400C30B07 /* Main.storyboard in Resources */,
				130F3BAD290F08BD00BB80F6 /* PhotoCommentCell.xib in Resources */,
				135DCC942903F122007D281F /* PostTableViewCell.xib in Resources */,
				133FB06B290F976000BD28D7 /* FollowActionCell.xib in Resources */,
				135DCC982903F559007D281F /* LentaTableViewCell.xib in Resources */,
			);
			runOnlyForDeploymentPostprocessing = 0;
		};
/* End PBXResourcesBuildPhase section */

/* Begin PBXShellScriptBuildPhase section */
		13467D9928FF88C300C30B07 /* SwiftlintScript */ = {
			isa = PBXShellScriptBuildPhase;
			buildActionMask = 2147483647;
			files = (
			);
			inputFileListPaths = (
			);
			inputPaths = (
			);
			name = SwiftlintScript;
			outputFileListPaths = (
			);
			outputPaths = (
			);
			runOnlyForDeploymentPostprocessing = 0;
			shellPath = /bin/sh;
			shellScript = "if which swiftlint > /dev/null; then\n  swiftlint\nelse\n  echo \"warning: SwiftLint not installed, download from https://github.com/realm/SwiftLint\"\nfi\n";
		};
/* End PBXShellScriptBuildPhase section */

/* Begin PBXSourcesBuildPhase section */
		13467D7E28FF882400C30B07 /* Sources */ = {
			isa = PBXSourcesBuildPhase;
			buildActionMask = 2147483647;
			files = (
				130F3BB2290F18C900BB80F6 /* ActionsViewController.swift in Sources */,
				1381643629066005007F748D /* RecommendsTableViewCell.swift in Sources */,
				133FB06D290F978600BD28D7 /* FollowActionCell.swift in Sources */,
				135DCC972903F558007D281F /* LentaTableViewCell.swift in Sources */,
				1381643329061AAE007F748D /* BorderedImageView.swift in Sources */,
				13467D8A28FF882400C30B07 /* ViewController.swift in Sources */,
				13467D8628FF882400C30B07 /* AppDelegate.swift in Sources */,
				135DCC9A2904190F007D281F /* Lenta.swift in Sources */,
				13467D8828FF882400C30B07 /* SceneDelegate.swift in Sources */,
				138164392906617C007F748D /* RecommendView.swift in Sources */,
				130F3BAF290F159300BB80F6 /* PhotoCommentCell.swift in Sources */,
				13DB351A290361DC000D802E /* LentaItem.swift in Sources */,
				13816431290611DF007F748D /* UIView+BezierPathBorder.swift in Sources */,
				13CE156829034CB300CA94A5 /* Post.swift in Sources */,
				133FB069290F963300BD28D7 /* Action.swift in Sources */,
				135DCC932903F122007D281F /* PostTableViewCell.swift in Sources */,
			);
			runOnlyForDeploymentPostprocessing = 0;
		};
/* End PBXSourcesBuildPhase section */

/* Begin PBXVariantGroup section */
		13467D8B28FF882400C30B07 /* Main.storyboard */ = {
			isa = PBXVariantGroup;
			children = (
				13467D8C28FF882400C30B07 /* Base */,
			);
			name = Main.storyboard;
			sourceTree = "<group>";
		};
		13467D9028FF882800C30B07 /* LaunchScreen.storyboard */ = {
			isa = PBXVariantGroup;
			children = (
				13467D9128FF882800C30B07 /* Base */,
			);
			name = LaunchScreen.storyboard;
			sourceTree = "<group>";
		};
/* End PBXVariantGroup section */

/* Begin XCBuildConfiguration section */
		13467D9428FF882800C30B07 /* Debug */ = {
			isa = XCBuildConfiguration;
			buildSettings = {
				ALWAYS_SEARCH_USER_PATHS = NO;
				CLANG_ANALYZER_NONNULL = YES;
				CLANG_ANALYZER_NUMBER_OBJECT_CONVERSION = YES_AGGRESSIVE;
				CLANG_CXX_LANGUAGE_STANDARD = "gnu++17";
				CLANG_CXX_LIBRARY = "libc++";
				CLANG_ENABLE_MODULES = YES;
				CLANG_ENABLE_OBJC_ARC = YES;
				CLANG_ENABLE_OBJC_WEAK = YES;
				CLANG_WARN_BLOCK_CAPTURE_AUTORELEASING = YES;
				CLANG_WARN_BOOL_CONVERSION = YES;
				CLANG_WARN_COMMA = YES;
				CLANG_WARN_CONSTANT_CONVERSION = YES;
				CLANG_WARN_DEPRECATED_OBJC_IMPLEMENTATIONS = YES;
				CLANG_WARN_DIRECT_OBJC_ISA_USAGE = YES_ERROR;
				CLANG_WARN_DOCUMENTATION_COMMENTS = YES;
				CLANG_WARN_EMPTY_BODY = YES;
				CLANG_WARN_ENUM_CONVERSION = YES;
				CLANG_WARN_INFINITE_RECURSION = YES;
				CLANG_WARN_INT_CONVERSION = YES;
				CLANG_WARN_NON_LITERAL_NULL_CONVERSION = YES;
				CLANG_WARN_OBJC_IMPLICIT_RETAIN_SELF = YES;
				CLANG_WARN_OBJC_LITERAL_CONVERSION = YES;
				CLANG_WARN_OBJC_ROOT_CLASS = YES_ERROR;
				CLANG_WARN_QUOTED_INCLUDE_IN_FRAMEWORK_HEADER = YES;
				CLANG_WARN_RANGE_LOOP_ANALYSIS = YES;
				CLANG_WARN_STRICT_PROTOTYPES = YES;
				CLANG_WARN_SUSPICIOUS_MOVE = YES;
				CLANG_WARN_UNGUARDED_AVAILABILITY = YES_AGGRESSIVE;
				CLANG_WARN_UNREACHABLE_CODE = YES;
				CLANG_WARN__DUPLICATE_METHOD_MATCH = YES;
				COPY_PHASE_STRIP = NO;
				DEBUG_INFORMATION_FORMAT = dwarf;
				ENABLE_STRICT_OBJC_MSGSEND = YES;
				ENABLE_TESTABILITY = YES;
				GCC_C_LANGUAGE_STANDARD = gnu11;
				GCC_DYNAMIC_NO_PIC = NO;
				GCC_NO_COMMON_BLOCKS = YES;
				GCC_OPTIMIZATION_LEVEL = 0;
				GCC_PREPROCESSOR_DEFINITIONS = (
					"DEBUG=1",
					"$(inherited)",
				);
				GCC_WARN_64_TO_32_BIT_CONVERSION = YES;
				GCC_WARN_ABOUT_RETURN_TYPE = YES_ERROR;
				GCC_WARN_UNDECLARED_SELECTOR = YES;
				GCC_WARN_UNINITIALIZED_AUTOS = YES_AGGRESSIVE;
				GCC_WARN_UNUSED_FUNCTION = YES;
				GCC_WARN_UNUSED_VARIABLE = YES;
				IPHONEOS_DEPLOYMENT_TARGET = 15.0;
				MTL_ENABLE_DEBUG_INFO = INCLUDE_SOURCE;
				MTL_FAST_MATH = YES;
				ONLY_ACTIVE_ARCH = YES;
				SDKROOT = iphoneos;
				SWIFT_ACTIVE_COMPILATION_CONDITIONS = DEBUG;
				SWIFT_OPTIMIZATION_LEVEL = "-Onone";
			};
			name = Debug;
		};
		13467D9528FF882800C30B07 /* Release */ = {
			isa = XCBuildConfiguration;
			buildSettings = {
				ALWAYS_SEARCH_USER_PATHS = NO;
				CLANG_ANALYZER_NONNULL = YES;
				CLANG_ANALYZER_NUMBER_OBJECT_CONVERSION = YES_AGGRESSIVE;
				CLANG_CXX_LANGUAGE_STANDARD = "gnu++17";
				CLANG_CXX_LIBRARY = "libc++";
				CLANG_ENABLE_MODULES = YES;
				CLANG_ENABLE_OBJC_ARC = YES;
				CLANG_ENABLE_OBJC_WEAK = YES;
				CLANG_WARN_BLOCK_CAPTURE_AUTORELEASING = YES;
				CLANG_WARN_BOOL_CONVERSION = YES;
				CLANG_WARN_COMMA = YES;
				CLANG_WARN_CONSTANT_CONVERSION = YES;
				CLANG_WARN_DEPRECATED_OBJC_IMPLEMENTATIONS = YES;
				CLANG_WARN_DIRECT_OBJC_ISA_USAGE = YES_ERROR;
				CLANG_WARN_DOCUMENTATION_COMMENTS = YES;
				CLANG_WARN_EMPTY_BODY = YES;
				CLANG_WARN_ENUM_CONVERSION = YES;
				CLANG_WARN_INFINITE_RECURSION = YES;
				CLANG_WARN_INT_CONVERSION = YES;
				CLANG_WARN_NON_LITERAL_NULL_CONVERSION = YES;
				CLANG_WARN_OBJC_IMPLICIT_RETAIN_SELF = YES;
				CLANG_WARN_OBJC_LITERAL_CONVERSION = YES;
				CLANG_WARN_OBJC_ROOT_CLASS = YES_ERROR;
				CLANG_WARN_QUOTED_INCLUDE_IN_FRAMEWORK_HEADER = YES;
				CLANG_WARN_RANGE_LOOP_ANALYSIS = YES;
				CLANG_WARN_STRICT_PROTOTYPES = YES;
				CLANG_WARN_SUSPICIOUS_MOVE = YES;
				CLANG_WARN_UNGUARDED_AVAILABILITY = YES_AGGRESSIVE;
				CLANG_WARN_UNREACHABLE_CODE = YES;
				CLANG_WARN__DUPLICATE_METHOD_MATCH = YES;
				COPY_PHASE_STRIP = NO;
				DEBUG_INFORMATION_FORMAT = "dwarf-with-dsym";
				ENABLE_NS_ASSERTIONS = NO;
				ENABLE_STRICT_OBJC_MSGSEND = YES;
				GCC_C_LANGUAGE_STANDARD = gnu11;
				GCC_NO_COMMON_BLOCKS = YES;
				GCC_WARN_64_TO_32_BIT_CONVERSION = YES;
				GCC_WARN_ABOUT_RETURN_TYPE = YES_ERROR;
				GCC_WARN_UNDECLARED_SELECTOR = YES;
				GCC_WARN_UNINITIALIZED_AUTOS = YES_AGGRESSIVE;
				GCC_WARN_UNUSED_FUNCTION = YES;
				GCC_WARN_UNUSED_VARIABLE = YES;
				IPHONEOS_DEPLOYMENT_TARGET = 15.0;
				MTL_ENABLE_DEBUG_INFO = NO;
				MTL_FAST_MATH = YES;
				SDKROOT = iphoneos;
				SWIFT_COMPILATION_MODE = wholemodule;
				SWIFT_OPTIMIZATION_LEVEL = "-O";
				VALIDATE_PRODUCT = YES;
			};
			name = Release;
		};
		13467D9728FF882800C30B07 /* Debug */ = {
			isa = XCBuildConfiguration;
			buildSettings = {
				ASSETCATALOG_COMPILER_APPICON_NAME = AppIcon;
				ASSETCATALOG_COMPILER_GLOBAL_ACCENT_COLOR_NAME = AccentColor;
				CODE_SIGN_STYLE = Automatic;
				CURRENT_PROJECT_VERSION = 1;
				DEVELOPMENT_TEAM = U68TY7Z9YL;
				GENERATE_INFOPLIST_FILE = YES;
				INFOPLIST_FILE = InstaClone/Info.plist;
				INFOPLIST_KEY_UIApplicationSupportsIndirectInputEvents = YES;
				INFOPLIST_KEY_UILaunchStoryboardName = LaunchScreen;
				INFOPLIST_KEY_UIMainStoryboardFile = Main;
				INFOPLIST_KEY_UISupportedInterfaceOrientations_iPad = "UIInterfaceOrientationPortrait UIInterfaceOrientationPortraitUpsideDown UIInterfaceOrientationLandscapeLeft UIInterfaceOrientationLandscapeRight";
				INFOPLIST_KEY_UISupportedInterfaceOrientations_iPhone = "UIInterfaceOrientationPortrait UIInterfaceOrientationLandscapeLeft UIInterfaceOrientationLandscapeRight";
				LD_RUNPATH_SEARCH_PATHS = (
					"$(inherited)",
					"@executable_path/Frameworks",
				);
				MARKETING_VERSION = 1.0;
				PRODUCT_BUNDLE_IDENTIFIER = pzatlar.InstaClone;
				PRODUCT_NAME = "$(TARGET_NAME)";
				SWIFT_EMIT_LOC_STRINGS = YES;
				SWIFT_VERSION = 5.0;
				TARGETED_DEVICE_FAMILY = "1,2";
			};
			name = Debug;
		};
		13467D9828FF882800C30B07 /* Release */ = {
			isa = XCBuildConfiguration;
			buildSettings = {
				ASSETCATALOG_COMPILER_APPICON_NAME = AppIcon;
				ASSETCATALOG_COMPILER_GLOBAL_ACCENT_COLOR_NAME = AccentColor;
				CODE_SIGN_STYLE = Automatic;
				CURRENT_PROJECT_VERSION = 1;
				DEVELOPMENT_TEAM = U68TY7Z9YL;
				GENERATE_INFOPLIST_FILE = YES;
				INFOPLIST_FILE = InstaClone/Info.plist;
				INFOPLIST_KEY_UIApplicationSupportsIndirectInputEvents = YES;
				INFOPLIST_KEY_UILaunchStoryboardName = LaunchScreen;
				INFOPLIST_KEY_UIMainStoryboardFile = Main;
				INFOPLIST_KEY_UISupportedInterfaceOrientations_iPad = "UIInterfaceOrientationPortrait UIInterfaceOrientationPortraitUpsideDown UIInterfaceOrientationLandscapeLeft UIInterfaceOrientationLandscapeRight";
				INFOPLIST_KEY_UISupportedInterfaceOrientations_iPhone = "UIInterfaceOrientationPortrait UIInterfaceOrientationLandscapeLeft UIInterfaceOrientationLandscapeRight";
				LD_RUNPATH_SEARCH_PATHS = (
					"$(inherited)",
					"@executable_path/Frameworks",
				);
				MARKETING_VERSION = 1.0;
				PRODUCT_BUNDLE_IDENTIFIER = pzatlar.InstaClone;
				PRODUCT_NAME = "$(TARGET_NAME)";
				SWIFT_EMIT_LOC_STRINGS = YES;
				SWIFT_VERSION = 5.0;
				TARGETED_DEVICE_FAMILY = "1,2";
			};
			name = Release;
		};
/* End XCBuildConfiguration section */

/* Begin XCConfigurationList section */
		13467D7D28FF882400C30B07 /* Build configuration list for PBXProject "InstaClone" */ = {
			isa = XCConfigurationList;
			buildConfigurations = (
				13467D9428FF882800C30B07 /* Debug */,
				13467D9528FF882800C30B07 /* Release */,
			);
			defaultConfigurationIsVisible = 0;
			defaultConfigurationName = Release;
		};
		13467D9628FF882800C30B07 /* Build configuration list for PBXNativeTarget "InstaClone" */ = {
			isa = XCConfigurationList;
			buildConfigurations = (
				13467D9728FF882800C30B07 /* Debug */,
				13467D9828FF882800C30B07 /* Release */,
			);
			defaultConfigurationIsVisible = 0;
			defaultConfigurationName = Release;
		};
/* End XCConfigurationList section */
	};
	rootObject = 13467D7A28FF882400C30B07 /* Project object */;
}
